
Microsoft Visual Studio Solution File, Format Version 12.00
# Visual Studio Version 16
VisualStudioVersion = 16.0.28603.18
MinimumVisualStudioVersion = 10.0.40219.1
Project("{2150E333-8FDC-42A3-9474-1A3956D46DE8}") = "src", "src", "{ED2FE3E2-F7E7-4389-8231-B65123F2076F}"
EndProject
Project("{2150E333-8FDC-42A3-9474-1A3956D46DE8}") = "test", "test", "{17735A9D-BFD9-4585-A7CB-3208CA6EA8A7}"
EndProject
Project("{9A19103F-16F7-4668-BE54-9A1E7A4F7556}") = "redist", "src\redist\redist.csproj", "{098D9321-1201-4974-A75E-F58EBCD98ACF}"
EndProject
Project("{9A19103F-16F7-4668-BE54-9A1E7A4F7556}") = "EndToEnd.Tests", "test\EndToEnd\EndToEnd.Tests.csproj", "{1BFF54F9-4E35-49DB-893C-AF2047722FC6}"
EndProject
Project("{9A19103F-16F7-4668-BE54-9A1E7A4F7556}") = "core-sdk-tasks", "src\core-sdk-tasks\core-sdk-tasks.csproj", "{53AF2D01-B69F-4CD0-86A7-8FD95967D23C}"
EndProject
Project("{9A19103F-16F7-4668-BE54-9A1E7A4F7556}") = "Microsoft.DotNet.Tools.Tests.Utilities", "test\Microsoft.DotNet.Tools.Tests.Utilities\Microsoft.DotNet.Tools.Tests.Utilities.csproj", "{78E15EC1-7732-41E3-8591-934E9F583254}"
EndProject
Project("{9A19103F-16F7-4668-BE54-9A1E7A4F7556}") = "SdkResolver", "src\SdkResolver\SdkResolver.csproj", "{7EE15292-2CAD-44FA-8A1F-BAC4688A49E0}"
EndProject
Project("{9A19103F-16F7-4668-BE54-9A1E7A4F7556}") = "Microsoft.Dotnet.Sdk.Internal", "src\Microsoft.Dotnet.Sdk.Internal\Microsoft.Dotnet.Sdk.Internal.csproj", "{73F07908-981B-41BB-B9BD-F3420274A6F7}"
EndProject
Project("{9A19103F-16F7-4668-BE54-9A1E7A4F7556}") = "SdkTests", "test\SdkTests\SdkTests.csproj", "{CB1EE94E-CB83-4071-9DD0-9929AE2B7282}"
EndProject
Global
	GlobalSection(SolutionConfigurationPlatforms) = preSolution
		Debug|Any CPU = Debug|Any CPU
		Release|Any CPU = Release|Any CPU
	EndGlobalSection
	GlobalSection(ProjectConfigurationPlatforms) = postSolution
		{098D9321-1201-4974-A75E-F58EBCD98ACF}.Debug|Any CPU.ActiveCfg = Debug|Any CPU
		{098D9321-1201-4974-A75E-F58EBCD98ACF}.Debug|Any CPU.Build.0 = Debug|Any CPU
		{098D9321-1201-4974-A75E-F58EBCD98ACF}.Release|Any CPU.ActiveCfg = Release|Any CPU
		{098D9321-1201-4974-A75E-F58EBCD98ACF}.Release|Any CPU.Build.0 = Release|Any CPU
		{1BFF54F9-4E35-49DB-893C-AF2047722FC6}.Debug|Any CPU.ActiveCfg = Debug|Any CPU
		{1BFF54F9-4E35-49DB-893C-AF2047722FC6}.Debug|Any CPU.Build.0 = Debug|Any CPU
		{1BFF54F9-4E35-49DB-893C-AF2047722FC6}.Release|Any CPU.ActiveCfg = Release|Any CPU
		{1BFF54F9-4E35-49DB-893C-AF2047722FC6}.Release|Any CPU.Build.0 = Release|Any CPU
		{53AF2D01-B69F-4CD0-86A7-8FD95967D23C}.Debug|Any CPU.ActiveCfg = Debug|Any CPU
		{53AF2D01-B69F-4CD0-86A7-8FD95967D23C}.Debug|Any CPU.Build.0 = Debug|Any CPU
		{53AF2D01-B69F-4CD0-86A7-8FD95967D23C}.Release|Any CPU.ActiveCfg = Release|Any CPU
		{53AF2D01-B69F-4CD0-86A7-8FD95967D23C}.Release|Any CPU.Build.0 = Release|Any CPU
		{78E15EC1-7732-41E3-8591-934E9F583254}.Debug|Any CPU.ActiveCfg = Debug|Any CPU
		{78E15EC1-7732-41E3-8591-934E9F583254}.Debug|Any CPU.Build.0 = Debug|Any CPU
		{78E15EC1-7732-41E3-8591-934E9F583254}.Release|Any CPU.ActiveCfg = Release|Any CPU
		{78E15EC1-7732-41E3-8591-934E9F583254}.Release|Any CPU.Build.0 = Release|Any CPU
		{7EE15292-2CAD-44FA-8A1F-BAC4688A49E0}.Debug|Any CPU.ActiveCfg = Debug|Any CPU
		{7EE15292-2CAD-44FA-8A1F-BAC4688A49E0}.Debug|Any CPU.Build.0 = Debug|Any CPU
		{7EE15292-2CAD-44FA-8A1F-BAC4688A49E0}.Release|Any CPU.ActiveCfg = Release|Any CPU
		{7EE15292-2CAD-44FA-8A1F-BAC4688A49E0}.Release|Any CPU.Build.0 = Release|Any CPU
		{73F07908-981B-41BB-B9BD-F3420274A6F7}.Debug|Any CPU.ActiveCfg = Debug|Any CPU
		{73F07908-981B-41BB-B9BD-F3420274A6F7}.Debug|Any CPU.Build.0 = Debug|Any CPU
		{73F07908-981B-41BB-B9BD-F3420274A6F7}.Release|Any CPU.ActiveCfg = Release|Any CPU
		{73F07908-981B-41BB-B9BD-F3420274A6F7}.Release|Any CPU.Build.0 = Release|Any CPU
		{CB1EE94E-CB83-4071-9DD0-9929AE2B7282}.Debug|Any CPU.ActiveCfg = Debug|Any CPU
		{CB1EE94E-CB83-4071-9DD0-9929AE2B7282}.Debug|Any CPU.Build.0 = Debug|Any CPU
		{CB1EE94E-CB83-4071-9DD0-9929AE2B7282}.Release|Any CPU.ActiveCfg = Release|Any CPU
		{CB1EE94E-CB83-4071-9DD0-9929AE2B7282}.Release|Any CPU.Build.0 = Release|Any CPU
	EndGlobalSection
	GlobalSection(SolutionProperties) = preSolution
		HideSolutionNode = FALSE
	EndGlobalSection
	GlobalSection(NestedProjects) = preSolution
		{098D9321-1201-4974-A75E-F58EBCD98ACF} = {ED2FE3E2-F7E7-4389-8231-B65123F2076F}
		{1BFF54F9-4E35-49DB-893C-AF2047722FC6} = {17735A9D-BFD9-4585-A7CB-3208CA6EA8A7}
		{53AF2D01-B69F-4CD0-86A7-8FD95967D23C} = {ED2FE3E2-F7E7-4389-8231-B65123F2076F}
		{78E15EC1-7732-41E3-8591-934E9F583254} = {17735A9D-BFD9-4585-A7CB-3208CA6EA8A7}
		{7EE15292-2CAD-44FA-8A1F-BAC4688A49E0} = {ED2FE3E2-F7E7-4389-8231-B65123F2076F}
		{CB1EE94E-CB83-4071-9DD0-9929AE2B7282} = {17735A9D-BFD9-4585-A7CB-3208CA6EA8A7}
	EndGlobalSection
	GlobalSection(ExtensibilityGlobals) = postSolution
		SolutionGuid = {B526D2CE-EE2D-4AD4-93EF-1867D90FF1F5}
	EndGlobalSection
EndGlobal
